// !$*UTF8*$!
{
	archiveVersion = 1;
	classes = {
	};
	objectVersion = 56;
	objects = {

/* Begin PBXBuildFile section */
		6A06F3482AB3CB3A001EDA5A /* MountIwateViewController.swift in Sources */ = {isa = PBXBuildFile; fileRef = 6A06F3472AB3CB3A001EDA5A /* MountIwateViewController.swift */; };
		6A51AABB2AB3E2700089807D /* GoogleAPIClientForRESTCore in Frameworks */ = {isa = PBXBuildFile; productRef = 6A51AABA2AB3E2700089807D /* GoogleAPIClientForRESTCore */; };
		6A51AABD2AB3E2700089807D /* GoogleAPIClientForREST_Calendar in Frameworks */ = {isa = PBXBuildFile; productRef = 6A51AABC2AB3E2700089807D /* GoogleAPIClientForREST_Calendar */; };
		6A51AABF2AB3E2700089807D /* GoogleAPIClientForREST_Drive in Frameworks */ = {isa = PBXBuildFile; productRef = 6A51AABE2AB3E2700089807D /* GoogleAPIClientForREST_Drive */; };
		6A51AAC12AB3E2700089807D /* GoogleAPIClientForREST_Gmail in Frameworks */ = {isa = PBXBuildFile; productRef = 6A51AAC02AB3E2700089807D /* GoogleAPIClientForREST_Gmail */; };
		6A51AAC32AB421910089807D /* TypeViewController.swift in Sources */ = {isa = PBXBuildFile; fileRef = 6A51AAC22AB421910089807D /* TypeViewController.swift */; };
		6A51AAC52AB421CA0089807D /* DogPreferViewController.swift in Sources */ = {isa = PBXBuildFile; fileRef = 6A51AAC42AB421CA0089807D /* DogPreferViewController.swift */; };
		6A51AAC72AB429BC0089807D /* DailyReportViewController.swift in Sources */ = {isa = PBXBuildFile; fileRef = 6A51AAC62AB429BC0089807D /* DailyReportViewController.swift */; };
		6A51AAC92AB431BC0089807D /* MountGraphicViewController.swift in Sources */ = {isa = PBXBuildFile; fileRef = 6A51AAC82AB431BB0089807D /* MountGraphicViewController.swift */; };
		6A64AC672AB315E300125EC0 /* MapViewController.swift in Sources */ = {isa = PBXBuildFile; fileRef = 6A64AC662AB315E300125EC0 /* MapViewController.swift */; };
		6A64AC692AB3354900125EC0 /* ContentViewController.swift in Sources */ = {isa = PBXBuildFile; fileRef = 6A64AC682AB3354900125EC0 /* ContentViewController.swift */; };
		6A714C402AAEB9A80055A0A7 /* AppDelegate.swift in Sources */ = {isa = PBXBuildFile; fileRef = 6A714C3F2AAEB9A80055A0A7 /* AppDelegate.swift */; };
		6A714C422AAEB9A80055A0A7 /* SceneDelegate.swift in Sources */ = {isa = PBXBuildFile; fileRef = 6A714C412AAEB9A80055A0A7 /* SceneDelegate.swift */; };
		6A714C442AAEB9A80055A0A7 /* ViewController.swift in Sources */ = {isa = PBXBuildFile; fileRef = 6A714C432AAEB9A80055A0A7 /* ViewController.swift */; };
		6A714C472AAEB9A80055A0A7 /* Main.storyboard in Resources */ = {isa = PBXBuildFile; fileRef = 6A714C452AAEB9A80055A0A7 /* Main.storyboard */; };
		6A714C492AAEB9AB0055A0A7 /* Assets.xcassets in Resources */ = {isa = PBXBuildFile; fileRef = 6A714C482AAEB9AB0055A0A7 /* Assets.xcassets */; };
		6A714C4C2AAEB9AB0055A0A7 /* LaunchScreen.storyboard in Resources */ = {isa = PBXBuildFile; fileRef = 6A714C4A2AAEB9AB0055A0A7 /* LaunchScreen.storyboard */; };
		6A714C552AAEE4720055A0A7 /* mameshiba02.png in Resources */ = {isa = PBXBuildFile; fileRef = 6A714C532AAEE4720055A0A7 /* mameshiba02.png */; };
		6A714C562AAEE4720055A0A7 /* mameshiba01.png in Resources */ = {isa = PBXBuildFile; fileRef = 6A714C542AAEE4720055A0A7 /* mameshiba01.png */; };
		6A714C582AAEE8320055A0A7 /* GoalViewController.swift in Sources */ = {isa = PBXBuildFile; fileRef = 6A714C572AAEE8320055A0A7 /* GoalViewController.swift */; };
		6A77B6312AB173ED005B115A /* GoogleSignIn in Frameworks */ = {isa = PBXBuildFile; productRef = 6A77B6302AB173ED005B115A /* GoogleSignIn */; };
		6A77B6332AB173ED005B115A /* GoogleSignInSwift in Frameworks */ = {isa = PBXBuildFile; productRef = 6A77B6322AB173ED005B115A /* GoogleSignInSwift */; };
		6A77B6372AB1827F005B115A /* calenderViewController.swift in Sources */ = {isa = PBXBuildFile; fileRef = 6A77B6362AB1827F005B115A /* calenderViewController.swift */; };
		6A83CC9D2AB4A03900A4B0A9 /* dog06.mp3 in Resources */ = {isa = PBXBuildFile; fileRef = 6A83CC962AB4A03900A4B0A9 /* dog06.mp3 */; };
		6A83CC9E2AB4A03900A4B0A9 /* dog05.mp3 in Resources */ = {isa = PBXBuildFile; fileRef = 6A83CC972AB4A03900A4B0A9 /* dog05.mp3 */; };
		6A83CC9F2AB4A03900A4B0A9 /* dog07.mp3 in Resources */ = {isa = PBXBuildFile; fileRef = 6A83CC982AB4A03900A4B0A9 /* dog07.mp3 */; };
		6A83CCA02AB4A03900A4B0A9 /* dog04.mp3 in Resources */ = {isa = PBXBuildFile; fileRef = 6A83CC992AB4A03900A4B0A9 /* dog04.mp3 */; };
		6A83CCA12AB4A03900A4B0A9 /* dog01.mp3 in Resources */ = {isa = PBXBuildFile; fileRef = 6A83CC9A2AB4A03900A4B0A9 /* dog01.mp3 */; };
		6A83CCA22AB4A03900A4B0A9 /* dog03.mp3 in Resources */ = {isa = PBXBuildFile; fileRef = 6A83CC9B2AB4A03900A4B0A9 /* dog03.mp3 */; };
		6A83CCA42AB4A38400A4B0A9 /* dog02.mp3 in Resources */ = {isa = PBXBuildFile; fileRef = 6A83CCA32AB4A38400A4B0A9 /* dog02.mp3 */; };
		6ACC49972AB1EC8700C37CD3 /* ToDoInputViewController.swift in Sources */ = {isa = PBXBuildFile; fileRef = 6ACC49962AB1EC8700C37CD3 /* ToDoInputViewController.swift */; };
		6AEFC73E2AB0244300D2DA8C /* client_543081431652-i8583mar2pgv9565g09sop7jcqh8db11.apps.googleusercontent.com.plist in Resources */ = {isa = PBXBuildFile; fileRef = 6AEFC73D2AB0244200D2DA8C /* client_543081431652-i8583mar2pgv9565g09sop7jcqh8db11.apps.googleusercontent.com.plist */; };
		6AF050332AB14D4E004D8175 /* ToDoListViewController.swift in Sources */ = {isa = PBXBuildFile; fileRef = 6AF050322AB14D4E004D8175 /* ToDoListViewController.swift */; };
		6AF49BF52AB091A4007008DD /* NewSettingViewController.swift in Sources */ = {isa = PBXBuildFile; fileRef = 6AF49BF42AB091A3007008DD /* NewSettingViewController.swift */; };
/* End PBXBuildFile section */

/* Begin PBXFileReference section */
		6A06F3472AB3CB3A001EDA5A /* MountIwateViewController.swift */ = {isa = PBXFileReference; lastKnownFileType = sourcecode.swift; path = MountIwateViewController.swift; sourceTree = "<group>"; };
		6A51AAC22AB421910089807D /* TypeViewController.swift */ = {isa = PBXFileReference; lastKnownFileType = sourcecode.swift; path = TypeViewController.swift; sourceTree = "<group>"; };
		6A51AAC42AB421CA0089807D /* DogPreferViewController.swift */ = {isa = PBXFileReference; lastKnownFileType = sourcecode.swift; path = DogPreferViewController.swift; sourceTree = "<group>"; };
		6A51AAC62AB429BC0089807D /* DailyReportViewController.swift */ = {isa = PBXFileReference; lastKnownFileType = sourcecode.swift; path = DailyReportViewController.swift; sourceTree = "<group>"; };
		6A51AAC82AB431BB0089807D /* MountGraphicViewController.swift */ = {isa = PBXFileReference; lastKnownFileType = sourcecode.swift; path = MountGraphicViewController.swift; sourceTree = "<group>"; };
		6A64AC662AB315E300125EC0 /* MapViewController.swift */ = {isa = PBXFileReference; lastKnownFileType = sourcecode.swift; path = MapViewController.swift; sourceTree = "<group>"; };
		6A64AC682AB3354900125EC0 /* ContentViewController.swift */ = {isa = PBXFileReference; lastKnownFileType = sourcecode.swift; path = ContentViewController.swift; sourceTree = "<group>"; };
		6A714C3C2AAEB9A80055A0A7 /* mamoru.app */ = {isa = PBXFileReference; explicitFileType = wrapper.application; includeInIndex = 0; path = mamoru.app; sourceTree = BUILT_PRODUCTS_DIR; };
		6A714C3F2AAEB9A80055A0A7 /* AppDelegate.swift */ = {isa = PBXFileReference; lastKnownFileType = sourcecode.swift; path = AppDelegate.swift; sourceTree = "<group>"; };
		6A714C412AAEB9A80055A0A7 /* SceneDelegate.swift */ = {isa = PBXFileReference; lastKnownFileType = sourcecode.swift; path = SceneDelegate.swift; sourceTree = "<group>"; };
		6A714C432AAEB9A80055A0A7 /* ViewController.swift */ = {isa = PBXFileReference; lastKnownFileType = sourcecode.swift; path = ViewController.swift; sourceTree = "<group>"; };
		6A714C462AAEB9A80055A0A7 /* Base */ = {isa = PBXFileReference; lastKnownFileType = file.storyboard; name = Base; path = Base.lproj/Main.storyboard; sourceTree = "<group>"; };
		6A714C482AAEB9AB0055A0A7 /* Assets.xcassets */ = {isa = PBXFileReference; lastKnownFileType = folder.assetcatalog; path = Assets.xcassets; sourceTree = "<group>"; };
		6A714C4B2AAEB9AB0055A0A7 /* Base */ = {isa = PBXFileReference; lastKnownFileType = file.storyboard; name = Base; path = Base.lproj/LaunchScreen.storyboard; sourceTree = "<group>"; };
		6A714C4D2AAEB9AC0055A0A7 /* Info.plist */ = {isa = PBXFileReference; lastKnownFileType = text.plist.xml; path = Info.plist; sourceTree = "<group>"; };
		6A714C532AAEE4720055A0A7 /* mameshiba02.png */ = {isa = PBXFileReference; lastKnownFileType = image.png; path = mameshiba02.png; sourceTree = "<group>"; };
		6A714C542AAEE4720055A0A7 /* mameshiba01.png */ = {isa = PBXFileReference; lastKnownFileType = image.png; path = mameshiba01.png; sourceTree = "<group>"; };
		6A714C572AAEE8320055A0A7 /* GoalViewController.swift */ = {isa = PBXFileReference; lastKnownFileType = sourcecode.swift; path = GoalViewController.swift; sourceTree = "<group>"; };
		6A77B6362AB1827F005B115A /* calenderViewController.swift */ = {isa = PBXFileReference; lastKnownFileType = sourcecode.swift; path = calenderViewController.swift; sourceTree = "<group>"; };
		6A83CC962AB4A03900A4B0A9 /* dog06.mp3 */ = {isa = PBXFileReference; lastKnownFileType = audio.mp3; path = dog06.mp3; sourceTree = "<group>"; };
		6A83CC972AB4A03900A4B0A9 /* dog05.mp3 */ = {isa = PBXFileReference; lastKnownFileType = audio.mp3; path = dog05.mp3; sourceTree = "<group>"; };
		6A83CC982AB4A03900A4B0A9 /* dog07.mp3 */ = {isa = PBXFileReference; lastKnownFileType = audio.mp3; path = dog07.mp3; sourceTree = "<group>"; };
		6A83CC992AB4A03900A4B0A9 /* dog04.mp3 */ = {isa = PBXFileReference; lastKnownFileType = audio.mp3; path = dog04.mp3; sourceTree = "<group>"; };
		6A83CC9A2AB4A03900A4B0A9 /* dog01.mp3 */ = {isa = PBXFileReference; lastKnownFileType = audio.mp3; name = dog01.mp3; path = ../../Downloads/dog01.mp3; sourceTree = "<group>"; };
		6A83CC9B2AB4A03900A4B0A9 /* dog03.mp3 */ = {isa = PBXFileReference; lastKnownFileType = audio.mp3; path = dog03.mp3; sourceTree = "<group>"; };
		6A83CCA32AB4A38400A4B0A9 /* dog02.mp3 */ = {isa = PBXFileReference; lastKnownFileType = audio.mp3; path = dog02.mp3; sourceTree = "<group>"; };
		6ACC49962AB1EC8700C37CD3 /* ToDoInputViewController.swift */ = {isa = PBXFileReference; lastKnownFileType = sourcecode.swift; path = ToDoInputViewController.swift; sourceTree = "<group>"; };
		6AEFC73D2AB0244200D2DA8C /* client_543081431652-i8583mar2pgv9565g09sop7jcqh8db11.apps.googleusercontent.com.plist */ = {isa = PBXFileReference; fileEncoding = 4; lastKnownFileType = text.plist.xml; path = "client_543081431652-i8583mar2pgv9565g09sop7jcqh8db11.apps.googleusercontent.com.plist"; sourceTree = "<group>"; };
		6AF050322AB14D4E004D8175 /* ToDoListViewController.swift */ = {isa = PBXFileReference; lastKnownFileType = sourcecode.swift; path = ToDoListViewController.swift; sourceTree = "<group>"; };
		6AF49BF42AB091A3007008DD /* NewSettingViewController.swift */ = {isa = PBXFileReference; lastKnownFileType = sourcecode.swift; path = NewSettingViewController.swift; sourceTree = "<group>"; };
/* End PBXFileReference section */

/* Begin PBXFrameworksBuildPhase section */
		6A714C392AAEB9A80055A0A7 /* Frameworks */ = {
			isa = PBXFrameworksBuildPhase;
			buildActionMask = 2147483647;
			files = (
				6A77B6312AB173ED005B115A /* GoogleSignIn in Frameworks */,
				6A51AABB2AB3E2700089807D /* GoogleAPIClientForRESTCore in Frameworks */,
				6A77B6332AB173ED005B115A /* GoogleSignInSwift in Frameworks */,
				6A51AABD2AB3E2700089807D /* GoogleAPIClientForREST_Calendar in Frameworks */,
				6A51AAC12AB3E2700089807D /* GoogleAPIClientForREST_Gmail in Frameworks */,
				6A51AABF2AB3E2700089807D /* GoogleAPIClientForREST_Drive in Frameworks */,
			);
			runOnlyForDeploymentPostprocessing = 0;
		};
/* End PBXFrameworksBuildPhase section */

/* Begin PBXGroup section */
		6A714C332AAEB9A80055A0A7 = {
			isa = PBXGroup;
			children = (
				6A714C3E2AAEB9A80055A0A7 /* mamoru */,
				6A714C3D2AAEB9A80055A0A7 /* Products */,
			);
			sourceTree = "<group>";
		};
		6A714C3D2AAEB9A80055A0A7 /* Products */ = {
			isa = PBXGroup;
			children = (
				6A714C3C2AAEB9A80055A0A7 /* mamoru.app */,
			);
			name = Products;
			sourceTree = "<group>";
		};
		6A714C3E2AAEB9A80055A0A7 /* mamoru */ = {
			isa = PBXGroup;
			children = (
				6A714C452AAEB9A80055A0A7 /* Main.storyboard */,
				6A714C3F2AAEB9A80055A0A7 /* AppDelegate.swift */,
				6A714C412AAEB9A80055A0A7 /* SceneDelegate.swift */,
				6A714C432AAEB9A80055A0A7 /* ViewController.swift */,
				6A51AAC22AB421910089807D /* TypeViewController.swift */,
				6A51AAC42AB421CA0089807D /* DogPreferViewController.swift */,
				6A714C572AAEE8320055A0A7 /* GoalViewController.swift */,
				6AF49BF42AB091A3007008DD /* NewSettingViewController.swift */,
				6ACC49962AB1EC8700C37CD3 /* ToDoInputViewController.swift */,
				6AF050322AB14D4E004D8175 /* ToDoListViewController.swift */,
				6A51AAC62AB429BC0089807D /* DailyReportViewController.swift */,
				6A64AC662AB315E300125EC0 /* MapViewController.swift */,
				6A51AAC82AB431BB0089807D /* MountGraphicViewController.swift */,
				6A06F3472AB3CB3A001EDA5A /* MountIwateViewController.swift */,
				6A77B6362AB1827F005B115A /* calenderViewController.swift */,
				6A64AC682AB3354900125EC0 /* ContentViewController.swift */,
				6A714C482AAEB9AB0055A0A7 /* Assets.xcassets */,
				6A714C542AAEE4720055A0A7 /* mameshiba01.png */,
				6A714C532AAEE4720055A0A7 /* mameshiba02.png */,
				6A714C4A2AAEB9AB0055A0A7 /* LaunchScreen.storyboard */,
				6A83CC9A2AB4A03900A4B0A9 /* dog01.mp3 */,
				6A83CC9B2AB4A03900A4B0A9 /* dog03.mp3 */,
				6A83CCA32AB4A38400A4B0A9 /* dog02.mp3 */,
				6A83CC992AB4A03900A4B0A9 /* dog04.mp3 */,
				6A83CC972AB4A03900A4B0A9 /* dog05.mp3 */,
				6A83CC962AB4A03900A4B0A9 /* dog06.mp3 */,
				6A83CC982AB4A03900A4B0A9 /* dog07.mp3 */,
				6A714C4D2AAEB9AC0055A0A7 /* Info.plist */,
				6AEFC73D2AB0244200D2DA8C /* client_543081431652-i8583mar2pgv9565g09sop7jcqh8db11.apps.googleusercontent.com.plist */,
			);
			path = mamoru;
			sourceTree = "<group>";
		};
/* End PBXGroup section */

/* Begin PBXNativeTarget section */
		6A714C3B2AAEB9A80055A0A7 /* mamoru */ = {
			isa = PBXNativeTarget;
			buildConfigurationList = 6A714C502AAEB9AC0055A0A7 /* Build configuration list for PBXNativeTarget "mamoru" */;
			buildPhases = (
				6A714C382AAEB9A80055A0A7 /* Sources */,
				6A714C392AAEB9A80055A0A7 /* Frameworks */,
				6A714C3A2AAEB9A80055A0A7 /* Resources */,
			);
			buildRules = (
			);
			dependencies = (
			);
			name = mamoru;
			packageProductDependencies = (
				6A77B6302AB173ED005B115A /* GoogleSignIn */,
				6A77B6322AB173ED005B115A /* GoogleSignInSwift */,
				6A51AABA2AB3E2700089807D /* GoogleAPIClientForRESTCore */,
				6A51AABC2AB3E2700089807D /* GoogleAPIClientForREST_Calendar */,
				6A51AABE2AB3E2700089807D /* GoogleAPIClientForREST_Drive */,
				6A51AAC02AB3E2700089807D /* GoogleAPIClientForREST_Gmail */,
			);
			productName = mamoru;
			productReference = 6A714C3C2AAEB9A80055A0A7 /* mamoru.app */;
			productType = "com.apple.product-type.application";
		};
/* End PBXNativeTarget section */

/* Begin PBXProject section */
		6A714C342AAEB9A80055A0A7 /* Project object */ = {
			isa = PBXProject;
			attributes = {
				BuildIndependentTargetsInParallel = 1;
				LastSwiftUpdateCheck = 1430;
				LastUpgradeCheck = 1430;
				TargetAttributes = {
					6A714C3B2AAEB9A80055A0A7 = {
						CreatedOnToolsVersion = 14.3.1;
					};
				};
			};
			buildConfigurationList = 6A714C372AAEB9A80055A0A7 /* Build configuration list for PBXProject "mamoru" */;
			compatibilityVersion = "Xcode 14.0";
			developmentRegion = en;
			hasScannedForEncodings = 0;
			knownRegions = (
				en,
				Base,
			);
			mainGroup = 6A714C332AAEB9A80055A0A7;
			packageReferences = (
				6A77B62F2AB173ED005B115A /* XCRemoteSwiftPackageReference "GoogleSignIn-iOS" */,
				6A51AAB92AB3E2700089807D /* XCRemoteSwiftPackageReference "google-api-objectivec-client-for-rest" */,
			);
			productRefGroup = 6A714C3D2AAEB9A80055A0A7 /* Products */;
			projectDirPath = "";
			projectRoot = "";
			targets = (
				6A714C3B2AAEB9A80055A0A7 /* mamoru */,
			);
		};
/* End PBXProject section */

/* Begin PBXResourcesBuildPhase section */
		6A714C3A2AAEB9A80055A0A7 /* Resources */ = {
			isa = PBXResourcesBuildPhase;
			buildActionMask = 2147483647;
			files = (
				6A714C4C2AAEB9AB0055A0A7 /* LaunchScreen.storyboard in Resources */,
				6A83CCA02AB4A03900A4B0A9 /* dog04.mp3 in Resources */,
				6A714C492AAEB9AB0055A0A7 /* Assets.xcassets in Resources */,
				6A83CCA12AB4A03900A4B0A9 /* dog01.mp3 in Resources */,
				6A83CCA22AB4A03900A4B0A9 /* dog03.mp3 in Resources */,
				6AEFC73E2AB0244300D2DA8C /* client_543081431652-i8583mar2pgv9565g09sop7jcqh8db11.apps.googleusercontent.com.plist in Resources */,
				6A83CCA42AB4A38400A4B0A9 /* dog02.mp3 in Resources */,
				6A83CC9F2AB4A03900A4B0A9 /* dog07.mp3 in Resources */,
				6A714C562AAEE4720055A0A7 /* mameshiba01.png in Resources */,
				6A83CC9E2AB4A03900A4B0A9 /* dog05.mp3 in Resources */,
				6A714C472AAEB9A80055A0A7 /* Main.storyboard in Resources */,
				6A83CC9D2AB4A03900A4B0A9 /* dog06.mp3 in Resources */,
				6A714C552AAEE4720055A0A7 /* mameshiba02.png in Resources */,
			);
			runOnlyForDeploymentPostprocessing = 0;
		};
/* End PBXResourcesBuildPhase section */

/* Begin PBXSourcesBuildPhase section */
		6A714C382AAEB9A80055A0A7 /* Sources */ = {
			isa = PBXSourcesBuildPhase;
			buildActionMask = 2147483647;
			files = (
				6A51AAC72AB429BC0089807D /* DailyReportViewController.swift in Sources */,
				6A51AAC32AB421910089807D /* TypeViewController.swift in Sources */,
				6A51AAC92AB431BC0089807D /* MountGraphicViewController.swift in Sources */,
				6A64AC692AB3354900125EC0 /* ContentViewController.swift in Sources */,
				6A714C442AAEB9A80055A0A7 /* ViewController.swift in Sources */,
				6ACC49972AB1EC8700C37CD3 /* ToDoInputViewController.swift in Sources */,
				6AF49BF52AB091A4007008DD /* NewSettingViewController.swift in Sources */,
				6A06F3482AB3CB3A001EDA5A /* MountIwateViewController.swift in Sources */,
				6A714C582AAEE8320055A0A7 /* GoalViewController.swift in Sources */,
				6A64AC672AB315E300125EC0 /* MapViewController.swift in Sources */,
				6A77B6372AB1827F005B115A /* calenderViewController.swift in Sources */,
				6A714C402AAEB9A80055A0A7 /* AppDelegate.swift in Sources */,
				6A51AAC52AB421CA0089807D /* DogPreferViewController.swift in Sources */,
				6AF050332AB14D4E004D8175 /* ToDoListViewController.swift in Sources */,
				6A714C422AAEB9A80055A0A7 /* SceneDelegate.swift in Sources */,
			);
			runOnlyForDeploymentPostprocessing = 0;
		};
/* End PBXSourcesBuildPhase section */

/* Begin PBXVariantGroup section */
		6A714C452AAEB9A80055A0A7 /* Main.storyboard */ = {
			isa = PBXVariantGroup;
			children = (
				6A714C462AAEB9A80055A0A7 /* Base */,
			);
			name = Main.storyboard;
			sourceTree = "<group>";
		};
		6A714C4A2AAEB9AB0055A0A7 /* LaunchScreen.storyboard */ = {
			isa = PBXVariantGroup;
			children = (
				6A714C4B2AAEB9AB0055A0A7 /* Base */,
			);
			name = LaunchScreen.storyboard;
			sourceTree = "<group>";
		};
/* End PBXVariantGroup section */

/* Begin XCBuildConfiguration section */
		6A714C4E2AAEB9AC0055A0A7 /* Debug */ = {
			isa = XCBuildConfiguration;
			buildSettings = {
				ALWAYS_SEARCH_USER_PATHS = NO;
				CLANG_ANALYZER_NONNULL = YES;
				CLANG_ANALYZER_NUMBER_OBJECT_CONVERSION = YES_AGGRESSIVE;
				CLANG_CXX_LANGUAGE_STANDARD = "gnu++20";
				CLANG_ENABLE_MODULES = YES;
				CLANG_ENABLE_OBJC_ARC = YES;
				CLANG_ENABLE_OBJC_WEAK = YES;
				CLANG_WARN_BLOCK_CAPTURE_AUTORELEASING = YES;
				CLANG_WARN_BOOL_CONVERSION = YES;
				CLANG_WARN_COMMA = YES;
				CLANG_WARN_CONSTANT_CONVERSION = YES;
				CLANG_WARN_DEPRECATED_OBJC_IMPLEMENTATIONS = YES;
				CLANG_WARN_DIRECT_OBJC_ISA_USAGE = YES_ERROR;
				CLANG_WARN_DOCUMENTATION_COMMENTS = YES;
				CLANG_WARN_EMPTY_BODY = YES;
				CLANG_WARN_ENUM_CONVERSION = YES;
				CLANG_WARN_INFINITE_RECURSION = YES;
				CLANG_WARN_INT_CONVERSION = YES;
				CLANG_WARN_NON_LITERAL_NULL_CONVERSION = YES;
				CLANG_WARN_OBJC_IMPLICIT_RETAIN_SELF = YES;
				CLANG_WARN_OBJC_LITERAL_CONVERSION = YES;
				CLANG_WARN_OBJC_ROOT_CLASS = YES_ERROR;
				CLANG_WARN_QUOTED_INCLUDE_IN_FRAMEWORK_HEADER = YES;
				CLANG_WARN_RANGE_LOOP_ANALYSIS = YES;
				CLANG_WARN_STRICT_PROTOTYPES = YES;
				CLANG_WARN_SUSPICIOUS_MOVE = YES;
				CLANG_WARN_UNGUARDED_AVAILABILITY = YES_AGGRESSIVE;
				CLANG_WARN_UNREACHABLE_CODE = YES;
				CLANG_WARN__DUPLICATE_METHOD_MATCH = YES;
				COPY_PHASE_STRIP = NO;
				DEBUG_INFORMATION_FORMAT = dwarf;
				ENABLE_STRICT_OBJC_MSGSEND = YES;
				ENABLE_TESTABILITY = YES;
				GCC_C_LANGUAGE_STANDARD = gnu11;
				GCC_DYNAMIC_NO_PIC = NO;
				GCC_NO_COMMON_BLOCKS = YES;
				GCC_OPTIMIZATION_LEVEL = 0;
				GCC_PREPROCESSOR_DEFINITIONS = (
					"DEBUG=1",
					"$(inherited)",
				);
				GCC_WARN_64_TO_32_BIT_CONVERSION = YES;
				GCC_WARN_ABOUT_RETURN_TYPE = YES_ERROR;
				GCC_WARN_UNDECLARED_SELECTOR = YES;
				GCC_WARN_UNINITIALIZED_AUTOS = YES_AGGRESSIVE;
				GCC_WARN_UNUSED_FUNCTION = YES;
				GCC_WARN_UNUSED_VARIABLE = YES;
				IPHONEOS_DEPLOYMENT_TARGET = 16.4;
				MTL_ENABLE_DEBUG_INFO = INCLUDE_SOURCE;
				MTL_FAST_MATH = YES;
				ONLY_ACTIVE_ARCH = YES;
				SDKROOT = iphoneos;
				SWIFT_ACTIVE_COMPILATION_CONDITIONS = DEBUG;
				SWIFT_OPTIMIZATION_LEVEL = "-Onone";
			};
			name = Debug;
		};
		6A714C4F2AAEB9AC0055A0A7 /* Release */ = {
			isa = XCBuildConfiguration;
			buildSettings = {
				ALWAYS_SEARCH_USER_PATHS = NO;
				CLANG_ANALYZER_NONNULL = YES;
				CLANG_ANALYZER_NUMBER_OBJECT_CONVERSION = YES_AGGRESSIVE;
				CLANG_CXX_LANGUAGE_STANDARD = "gnu++20";
				CLANG_ENABLE_MODULES = YES;
				CLANG_ENABLE_OBJC_ARC = YES;
				CLANG_ENABLE_OBJC_WEAK = YES;
				CLANG_WARN_BLOCK_CAPTURE_AUTORELEASING = YES;
				CLANG_WARN_BOOL_CONVERSION = YES;
				CLANG_WARN_COMMA = YES;
				CLANG_WARN_CONSTANT_CONVERSION = YES;
				CLANG_WARN_DEPRECATED_OBJC_IMPLEMENTATIONS = YES;
				CLANG_WARN_DIRECT_OBJC_ISA_USAGE = YES_ERROR;
				CLANG_WARN_DOCUMENTATION_COMMENTS = YES;
				CLANG_WARN_EMPTY_BODY = YES;
				CLANG_WARN_ENUM_CONVERSION = YES;
				CLANG_WARN_INFINITE_RECURSION = YES;
				CLANG_WARN_INT_CONVERSION = YES;
				CLANG_WARN_NON_LITERAL_NULL_CONVERSION = YES;
				CLANG_WARN_OBJC_IMPLICIT_RETAIN_SELF = YES;
				CLANG_WARN_OBJC_LITERAL_CONVERSION = YES;
				CLANG_WARN_OBJC_ROOT_CLASS = YES_ERROR;
				CLANG_WARN_QUOTED_INCLUDE_IN_FRAMEWORK_HEADER = YES;
				CLANG_WARN_RANGE_LOOP_ANALYSIS = YES;
				CLANG_WARN_STRICT_PROTOTYPES = YES;
				CLANG_WARN_SUSPICIOUS_MOVE = YES;
				CLANG_WARN_UNGUARDED_AVAILABILITY = YES_AGGRESSIVE;
				CLANG_WARN_UNREACHABLE_CODE = YES;
				CLANG_WARN__DUPLICATE_METHOD_MATCH = YES;
				COPY_PHASE_STRIP = NO;
				DEBUG_INFORMATION_FORMAT = "dwarf-with-dsym";
				ENABLE_NS_ASSERTIONS = NO;
				ENABLE_STRICT_OBJC_MSGSEND = YES;
				GCC_C_LANGUAGE_STANDARD = gnu11;
				GCC_NO_COMMON_BLOCKS = YES;
				GCC_WARN_64_TO_32_BIT_CONVERSION = YES;
				GCC_WARN_ABOUT_RETURN_TYPE = YES_ERROR;
				GCC_WARN_UNDECLARED_SELECTOR = YES;
				GCC_WARN_UNINITIALIZED_AUTOS = YES_AGGRESSIVE;
				GCC_WARN_UNUSED_FUNCTION = YES;
				GCC_WARN_UNUSED_VARIABLE = YES;
				IPHONEOS_DEPLOYMENT_TARGET = 16.4;
				MTL_ENABLE_DEBUG_INFO = NO;
				MTL_FAST_MATH = YES;
				SDKROOT = iphoneos;
				SWIFT_COMPILATION_MODE = wholemodule;
				SWIFT_OPTIMIZATION_LEVEL = "-O";
				VALIDATE_PRODUCT = YES;
			};
			name = Release;
		};
		6A714C512AAEB9AC0055A0A7 /* Debug */ = {
			isa = XCBuildConfiguration;
			buildSettings = {
				ASSETCATALOG_COMPILER_APPICON_NAME = AppIcon;
				ASSETCATALOG_COMPILER_GLOBAL_ACCENT_COLOR_NAME = AccentColor;
				CODE_SIGN_STYLE = Automatic;
				CURRENT_PROJECT_VERSION = 1;
				DEVELOPMENT_TEAM = 3CCT94FW44;
				GENERATE_INFOPLIST_FILE = YES;
				INFOPLIST_FILE = mamoru/Info.plist;
				INFOPLIST_KEY_UIApplicationSupportsIndirectInputEvents = YES;
				INFOPLIST_KEY_UILaunchStoryboardName = LaunchScreen;
				INFOPLIST_KEY_UIMainStoryboardFile = Main;
				INFOPLIST_KEY_UISupportedInterfaceOrientations_iPad = "UIInterfaceOrientationPortrait UIInterfaceOrientationPortraitUpsideDown UIInterfaceOrientationLandscapeLeft UIInterfaceOrientationLandscapeRight";
				INFOPLIST_KEY_UISupportedInterfaceOrientations_iPhone = "UIInterfaceOrientationPortrait UIInterfaceOrientationLandscapeLeft UIInterfaceOrientationLandscapeRight";
				LD_RUNPATH_SEARCH_PATHS = (
					"$(inherited)",
					"@executable_path/Frameworks",
				);
				MARKETING_VERSION = 1.0;
				PRODUCT_BUNDLE_IDENTIFIER = com.fukumaco.mamoru;
				PRODUCT_NAME = "$(TARGET_NAME)";
				SWIFT_EMIT_LOC_STRINGS = YES;
				SWIFT_VERSION = 5.0;
				TARGETED_DEVICE_FAMILY = "1,2";
			};
			name = Debug;
		};
		6A714C522AAEB9AC0055A0A7 /* Release */ = {
			isa = XCBuildConfiguration;
			buildSettings = {
				ASSETCATALOG_COMPILER_APPICON_NAME = AppIcon;
				ASSETCATALOG_COMPILER_GLOBAL_ACCENT_COLOR_NAME = AccentColor;
				CODE_SIGN_STYLE = Automatic;
				CURRENT_PROJECT_VERSION = 1;
				DEVELOPMENT_TEAM = 3CCT94FW44;
				GENERATE_INFOPLIST_FILE = YES;
				INFOPLIST_FILE = mamoru/Info.plist;
				INFOPLIST_KEY_UIApplicationSupportsIndirectInputEvents = YES;
				INFOPLIST_KEY_UILaunchStoryboardName = LaunchScreen;
				INFOPLIST_KEY_UIMainStoryboardFile = Main;
				INFOPLIST_KEY_UISupportedInterfaceOrientations_iPad = "UIInterfaceOrientationPortrait UIInterfaceOrientationPortraitUpsideDown UIInterfaceOrientationLandscapeLeft UIInterfaceOrientationLandscapeRight";
				INFOPLIST_KEY_UISupportedInterfaceOrientations_iPhone = "UIInterfaceOrientationPortrait UIInterfaceOrientationLandscapeLeft UIInterfaceOrientationLandscapeRight";
				LD_RUNPATH_SEARCH_PATHS = (
					"$(inherited)",
					"@executable_path/Frameworks",
				);
				MARKETING_VERSION = 1.0;
				PRODUCT_BUNDLE_IDENTIFIER = com.fukumaco.mamoru;
				PRODUCT_NAME = "$(TARGET_NAME)";
				SWIFT_EMIT_LOC_STRINGS = YES;
				SWIFT_VERSION = 5.0;
				TARGETED_DEVICE_FAMILY = "1,2";
			};
			name = Release;
		};
/* End XCBuildConfiguration section */

/* Begin XCConfigurationList section */
		6A714C372AAEB9A80055A0A7 /* Build configuration list for PBXProject "mamoru" */ = {
			isa = XCConfigurationList;
			buildConfigurations = (
				6A714C4E2AAEB9AC0055A0A7 /* Debug */,
				6A714C4F2AAEB9AC0055A0A7 /* Release */,
			);
			defaultConfigurationIsVisible = 0;
			defaultConfigurationName = Release;
		};
		6A714C502AAEB9AC0055A0A7 /* Build configuration list for PBXNativeTarget "mamoru" */ = {
			isa = XCConfigurationList;
			buildConfigurations = (
				6A714C512AAEB9AC0055A0A7 /* Debug */,
				6A714C522AAEB9AC0055A0A7 /* Release */,
			);
			defaultConfigurationIsVisible = 0;
			defaultConfigurationName = Release;
		};
/* End XCConfigurationList section */

/* Begin XCRemoteSwiftPackageReference section */
		6A51AAB92AB3E2700089807D /* XCRemoteSwiftPackageReference "google-api-objectivec-client-for-rest" */ = {
			isa = XCRemoteSwiftPackageReference;
			repositoryURL = "https://github.com/google/google-api-objectivec-client-for-rest";
			requirement = {
				branch = main;
				kind = branch;
			};
		};
		6A77B62F2AB173ED005B115A /* XCRemoteSwiftPackageReference "GoogleSignIn-iOS" */ = {
			isa = XCRemoteSwiftPackageReference;
			repositoryURL = "https://github.com/google/GoogleSignIn-iOS";
			requirement = {
				kind = upToNextMajorVersion;
				minimumVersion = 7.0.0;
			};
		};
/* End XCRemoteSwiftPackageReference section */

/* Begin XCSwiftPackageProductDependency section */
		6A51AABA2AB3E2700089807D /* GoogleAPIClientForRESTCore */ = {
			isa = XCSwiftPackageProductDependency;
			package = 6A51AAB92AB3E2700089807D /* XCRemoteSwiftPackageReference "google-api-objectivec-client-for-rest" */;
			productName = GoogleAPIClientForRESTCore;
		};
		6A51AABC2AB3E2700089807D /* GoogleAPIClientForREST_Calendar */ = {
			isa = XCSwiftPackageProductDependency;
			package = 6A51AAB92AB3E2700089807D /* XCRemoteSwiftPackageReference "google-api-objectivec-client-for-rest" */;
			productName = GoogleAPIClientForREST_Calendar;
		};
		6A51AABE2AB3E2700089807D /* GoogleAPIClientForREST_Drive */ = {
			isa = XCSwiftPackageProductDependency;
			package = 6A51AAB92AB3E2700089807D /* XCRemoteSwiftPackageReference "google-api-objectivec-client-for-rest" */;
			productName = GoogleAPIClientForREST_Drive;
		};
		6A51AAC02AB3E2700089807D /* GoogleAPIClientForREST_Gmail */ = {
			isa = XCSwiftPackageProductDependency;
			package = 6A51AAB92AB3E2700089807D /* XCRemoteSwiftPackageReference "google-api-objectivec-client-for-rest" */;
			productName = GoogleAPIClientForREST_Gmail;
		};
		6A77B6302AB173ED005B115A /* GoogleSignIn */ = {
			isa = XCSwiftPackageProductDependency;
			package = 6A77B62F2AB173ED005B115A /* XCRemoteSwiftPackageReference "GoogleSignIn-iOS" */;
			productName = GoogleSignIn;
		};
		6A77B6322AB173ED005B115A /* GoogleSignInSwift */ = {
			isa = XCSwiftPackageProductDependency;
			package = 6A77B62F2AB173ED005B115A /* XCRemoteSwiftPackageReference "GoogleSignIn-iOS" */;
			productName = GoogleSignInSwift;
		};
/* End XCSwiftPackageProductDependency section */
	};
	rootObject = 6A714C342AAEB9A80055A0A7 /* Project object */;
}
